
Microsoft Visual Studio Solution File, Format Version 12.00
# Visual Studio 2013
VisualStudioVersion = 12.0.21005.1
MinimumVisualStudioVersion = 10.0.40219.1
Project("{FAE04EC0-301F-11D3-BF4B-00C04F79EFBC}") = "NinjaDomain.Classes", "NinjaDomain.Classes\NinjaDomain.Classes.csproj", "{B712336D-5C72-49A4-AA35-ADC0D83EF14A}"
EndProject
Project("{FAE04EC0-301F-11D3-BF4B-00C04F79EFBC}") = "NinjaDomain.DataModel", "DataModel\NinjaDomain.DataModel.csproj", "{787EE3EE-F431-4CDD-8F0C-73402661089B}"
EndProject
Global
	GlobalSection(SolutionConfigurationPlatforms) = preSolution
		Debug|Any CPU = Debug|Any CPU
		Release|Any CPU = Release|Any CPU
	EndGlobalSection
	GlobalSection(ProjectConfigurationPlatforms) = postSolution
		{B712336D-5C72-49A4-AA35-ADC0D83EF14A}.Debug|Any CPU.ActiveCfg = Debug|Any CPU
		{B712336D-5C72-49A4-AA35-ADC0D83EF14A}.Debug|Any CPU.Build.0 = Debug|Any CPU
		{B712336D-5C72-49A4-AA35-ADC0D83EF14A}.Release|Any CPU.ActiveCfg = Release|Any CPU
		{B712336D-5C72-49A4-AA35-ADC0D83EF14A}.Release|Any CPU.Build.0 = Release|Any CPU
		{787EE3EE-F431-4CDD-8F0C-73402661089B}.Debug|Any CPU.ActiveCfg = Debug|Any CPU
		{787EE3EE-F431-4CDD-8F0C-73402661089B}.Debug|Any CPU.Build.0 = Debug|Any CPU
		{787EE3EE-F431-4CDD-8F0C-73402661089B}.Release|Any CPU.ActiveCfg = Release|Any CPU
		{787EE3EE-F431-4CDD-8F0C-73402661089B}.Release|Any CPU.Build.0 = Release|Any CPU
	EndGlobalSection
	GlobalSection(SolutionProperties) = preSolution
		HideSolutionNode = FALSE
	EndGlobalSection
EndGlobal
